Microsoft Visual Studio Solution File, Format Version 12.00
# Visual Studio Version 17
VisualStudioVersion = 17.5.2.0
MinimumVisualStudioVersion = 10.0.40219.1
Project("{FAE04EC0-301F-11D3-BF4B-00C04F79EFBC}") = "WorkplaceTasks.Api", "WorkplaceTasks.Api.csproj", "{24ECDF17-806B-B0E7-61AA-C12FEA5C2C15}"
EndProject
Project("{FAE04EC0-301F-11D3-BF4B-00C04F79EFBC}") = "WorkplaceTasks.Domain", "WorkplaceTasks.Domain\WorkplaceTasks.Domain.csproj", "{9A4A569F-6BB2-42DB-890B-C22283DA1ABF}"
EndProject
Project("{FAE04EC0-301F-11D3-BF4B-00C04F79EFBC}") = "WorkplaceTasks.Application", "WorkplaceTasks.Application\WorkplaceTasks.Application.csproj", "{BA9184E7-128F-43CF-8759-7E8130BB828F}"
EndProject
Project("{FAE04EC0-301F-11D3-BF4B-00C04F79EFBC}") = "WorkplaceTasks.Infrastructure", "WorkplaceTasks.Infrastructure\WorkplaceTasks.Infrastructure.csproj", "{4AC24F6E-31B3-4619-9044-707946AB4FED}"
EndProject
Global
	GlobalSection(SolutionConfigurationPlatforms) = preSolution
		Debug|Any CPU = Debug|Any CPU
		Release|Any CPU = Release|Any CPU
	EndGlobalSection
	GlobalSection(ProjectConfigurationPlatforms) = postSolution
		{24ECDF17-806B-B0E7-61AA-C12FEA5C2C15}.Debug|Any CPU.ActiveCfg = Debug|Any CPU
		{24ECDF17-806B-B0E7-61AA-C12FEA5C2C15}.Debug|Any CPU.Build.0 = Debug|Any CPU
		{24ECDF17-806B-B0E7-61AA-C12FEA5C2C15}.Release|Any CPU.ActiveCfg = Release|Any CPU
		{24ECDF17-806B-B0E7-61AA-C12FEA5C2C15}.Release|Any CPU.Build.0 = Release|Any CPU
		{9A4A569F-6BB2-42DB-890B-C22283DA1ABF}.Debug|Any CPU.ActiveCfg = Debug|Any CPU
		{9A4A569F-6BB2-42DB-890B-C22283DA1ABF}.Debug|Any CPU.Build.0 = Debug|Any CPU
		{9A4A569F-6BB2-42DB-890B-C22283DA1ABF}.Release|Any CPU.ActiveCfg = Release|Any CPU
		{9A4A569F-6BB2-42DB-890B-C22283DA1ABF}.Release|Any CPU.Build.0 = Release|Any CPU
		{BA9184E7-128F-43CF-8759-7E8130BB828F}.Debug|Any CPU.ActiveCfg = Debug|Any CPU
		{BA9184E7-128F-43CF-8759-7E8130BB828F}.Debug|Any CPU.Build.0 = Debug|Any CPU
		{BA9184E7-128F-43CF-8759-7E8130BB828F}.Release|Any CPU.ActiveCfg = Release|Any CPU
		{BA9184E7-128F-43CF-8759-7E8130BB828F}.Release|Any CPU.Build.0 = Release|Any CPU
		{4AC24F6E-31B3-4619-9044-707946AB4FED}.Debug|Any CPU.ActiveCfg = Debug|Any CPU
		{4AC24F6E-31B3-4619-9044-707946AB4FED}.Debug|Any CPU.Build.0 = Debug|Any CPU
		{4AC24F6E-31B3-4619-9044-707946AB4FED}.Release|Any CPU.ActiveCfg = Release|Any CPU
		{4AC24F6E-31B3-4619-9044-707946AB4FED}.Release|Any CPU.Build.0 = Release|Any CPU
	EndGlobalSection
	GlobalSection(SolutionProperties) = preSolution
		HideSolutionNode = FALSE
	EndGlobalSection
	GlobalSection(ExtensibilityGlobals) = postSolution
		SolutionGuid = {51688BB7-4B7D-42F1-AE88-02C5C47CD46D}
	EndGlobalSection
EndGlobal
